// !$*UTF8*$!
{
	archiveVersion = 1;
	classes = {
	};
	objectVersion = 50;
	objects = {

/* Begin PBXBuildFile section */
		D1577B1A21A73D7F007D70CF /* AppDelegate.swift in Sources */ = {isa = PBXBuildFile; fileRef = D1577B1921A73D7F007D70CF /* AppDelegate.swift */; };
		D1577B1C21A73D7F007D70CF /* ViewController.swift in Sources */ = {isa = PBXBuildFile; fileRef = D1577B1B21A73D7F007D70CF /* ViewController.swift */; };
		D1577B1F21A73D7F007D70CF /* Main.storyboard in Resources */ = {isa = PBXBuildFile; fileRef = D1577B1D21A73D7F007D70CF /* Main.storyboard */; };
		D1577B2121A73D80007D70CF /* Assets.xcassets in Resources */ = {isa = PBXBuildFile; fileRef = D1577B2021A73D80007D70CF /* Assets.xcassets */; };
		D1577B2421A73D80007D70CF /* LaunchScreen.storyboard in Resources */ = {isa = PBXBuildFile; fileRef = D1577B2221A73D80007D70CF /* LaunchScreen.storyboard */; };
		D1577B2C21A73E63007D70CF /* MainTableViewController.swift in Sources */ = {isa = PBXBuildFile; fileRef = D1577B2B21A73E63007D70CF /* MainTableViewController.swift */; };
/* End PBXBuildFile section */

/* Begin PBXFileReference section */
		D1577B1621A73D7F007D70CF /* config screen.app */ = {isa = PBXFileReference; explicitFileType = wrapper.application; includeInIndex = 0; path = "config screen.app"; sourceTree = BUILT_PRODUCTS_DIR; };
		D1577B1921A73D7F007D70CF /* AppDelegate.swift */ = {isa = PBXFileReference; lastKnownFileType = sourcecode.swift; path = AppDelegate.swift; sourceTree = "<group>"; };
		D1577B1B21A73D7F007D70CF /* ViewController.swift */ = {isa = PBXFileReference; lastKnownFileType = sourcecode.swift; path = ViewController.swift; sourceTree = "<group>"; };
		D1577B1E21A73D7F007D70CF /* Base */ = {isa = PBXFileReference; lastKnownFileType = file.storyboard; name = Base; path = Base.lproj/Main.storyboard; sourceTree = "<group>"; };
		D1577B2021A73D80007D70CF /* Assets.xcassets */ = {isa = PBXFileReference; lastKnownFileType = folder.assetcatalog; path = Assets.xcassets; sourceTree = "<group>"; };
		D1577B2321A73D80007D70CF /* Base */ = {isa = PBXFileReference; lastKnownFileType = file.storyboard; name = Base; path = Base.lproj/LaunchScreen.storyboard; sourceTree = "<group>"; };
		D1577B2521A73D80007D70CF /* Info.plist */ = {isa = PBXFileReference; lastKnownFileType = text.plist.xml; path = Info.plist; sourceTree = "<group>"; };
		D1577B2B21A73E63007D70CF /* MainTableViewController.swift */ = {isa = PBXFileReference; lastKnownFileType = sourcecode.swift; path = MainTableViewController.swift; sourceTree = "<group>"; };
/* End PBXFileReference section */

/* Begin PBXFrameworksBuildPhase section */
		D1577B1321A73D7F007D70CF /* Frameworks */ = {
			isa = PBXFrameworksBuildPhase;
			buildActionMask = 2147483647;
			files = (
			);
			runOnlyForDeploymentPostprocessing = 0;
		};
/* End PBXFrameworksBuildPhase section */

/* Begin PBXGroup section */
		D1577B0D21A73D7F007D70CF = {
			isa = PBXGroup;
			children = (
				D1577B1821A73D7F007D70CF /* config screen */,
				D1577B1721A73D7F007D70CF /* Products */,
			);
			sourceTree = "<group>";
		};
		D1577B1721A73D7F007D70CF /* Products */ = {
			isa = PBXGroup;
			children = (
				D1577B1621A73D7F007D70CF /* config screen.app */,
			);
			name = Products;
			sourceTree = "<group>";
		};
		D1577B1821A73D7F007D70CF /* config screen */ = {
			isa = PBXGroup;
			children = (
				D1577B1921A73D7F007D70CF /* AppDelegate.swift */,
				D1577B1B21A73D7F007D70CF /* ViewController.swift */,
				D1577B1D21A73D7F007D70CF /* Main.storyboard */,
				D1577B2021A73D80007D70CF /* Assets.xcassets */,
				D1577B2221A73D80007D70CF /* LaunchScreen.storyboard */,
				D1577B2521A73D80007D70CF /* Info.plist */,
				D1577B2B21A73E63007D70CF /* MainTableViewController.swift */,
			);
			path = "config screen";
			sourceTree = "<group>";
		};
/* End PBXGroup section */

/* Begin PBXNativeTarget section */
		D1577B1521A73D7F007D70CF /* config screen */ = {
			isa = PBXNativeTarget;
			buildConfigurationList = D1577B2821A73D80007D70CF /* Build configuration list for PBXNativeTarget "config screen" */;
			buildPhases = (
				D1577B1221A73D7F007D70CF /* Sources */,
				D1577B1321A73D7F007D70CF /* Frameworks */,
				D1577B1421A73D7F007D70CF /* Resources */,
			);
			buildRules = (
			);
			dependencies = (
			);
			name = "config screen";
			productName = "config screen";
			productReference = D1577B1621A73D7F007D70CF /* config screen.app */;
			productType = "com.apple.product-type.application";
		};
/* End PBXNativeTarget section */

/* Begin PBXProject section */
		D1577B0E21A73D7F007D70CF /* Project object */ = {
			isa = PBXProject;
			attributes = {
				LastSwiftUpdateCheck = 1010;
				LastUpgradeCheck = 1010;
				ORGANIZATIONNAME = "Roberto Evangelista da Silva Filho";
				TargetAttributes = {
					D1577B1521A73D7F007D70CF = {
						CreatedOnToolsVersion = 10.1;
					};
				};
			};
			buildConfigurationList = D1577B1121A73D7F007D70CF /* Build configuration list for PBXProject "config screen" */;
			compatibilityVersion = "Xcode 9.3";
			developmentRegion = en;
			hasScannedForEncodings = 0;
			knownRegions = (
				en,
				Base,
			);
			mainGroup = D1577B0D21A73D7F007D70CF;
			productRefGroup = D1577B1721A73D7F007D70CF /* Products */;
			projectDirPath = "";
			projectRoot = "";
			targets = (
				D1577B1521A73D7F007D70CF /* config screen */,
			);
		};
/* End PBXProject section */

/* Begin PBXResourcesBuildPhase section */
		D1577B1421A73D7F007D70CF /* Resources */ = {
			isa = PBXResourcesBuildPhase;
			buildActionMask = 2147483647;
			files = (
				D1577B2421A73D80007D70CF /* LaunchScreen.storyboard in Resources */,
				D1577B2121A73D80007D70CF /* Assets.xcassets in Resources */,
				D1577B1F21A73D7F007D70CF /* Main.storyboard in Resources */,
			);
			runOnlyForDeploymentPostprocessing = 0;
		};
/* End PBXResourcesBuildPhase section */

/* Begin PBXSourcesBuildPhase section */
		D1577B1221A73D7F007D70CF /* Sources */ = {
			isa = PBXSourcesBuildPhase;
			buildActionMask = 2147483647;
			files = (
				D1577B1C21A73D7F007D70CF /* ViewController.swift in Sources */,
				D1577B2C21A73E63007D70CF /* MainTableViewController.swift in Sources */,
				D1577B1A21A73D7F007D70CF /* AppDelegate.swift in Sources */,
			);
			runOnlyForDeploymentPostprocessing = 0;
		};
/* End PBXSourcesBuildPhase section */

/* Begin PBXVariantGroup section */
		D1577B1D21A73D7F007D70CF /* Main.storyboard */ = {
			isa = PBXVariantGroup;
			children = (
				D1577B1E21A73D7F007D70CF /* Base */,
			);
			name = Main.storyboard;
			sourceTree = "<group>";
		};
		D1577B2221A73D80007D70CF /* LaunchScreen.storyboard */ = {
			isa = PBXVariantGroup;
			children = (
				D1577B2321A73D80007D70CF /* Base */,
			);
			name = LaunchScreen.storyboard;
			sourceTree = "<group>";
		};
/* End PBXVariantGroup section */

/* Begin XCBuildConfiguration section */
		D1577B2621A73D80007D70CF /* Debug */ = {
			isa = XCBuildConfiguration;
			buildSettings = {
				ALWAYS_SEARCH_USER_PATHS = NO;
				CLANG_ANALYZER_NONNULL = YES;
				CLANG_ANALYZER_NUMBER_OBJECT_CONVERSION = YES_AGGRESSIVE;
				CLANG_CXX_LANGUAGE_STANDARD = "gnu++14";
				CLANG_CXX_LIBRARY = "libc++";
				CLANG_ENABLE_MODULES = YES;
				CLANG_ENABLE_OBJC_ARC = YES;
				CLANG_ENABLE_OBJC_WEAK = YES;
				CLANG_WARN_BLOCK_CAPTURE_AUTORELEASING = YES;
				CLANG_WARN_BOOL_CONVERSION = YES;
				CLANG_WARN_COMMA = YES;
				CLANG_WARN_CONSTANT_CONVERSION = YES;
				CLANG_WARN_DEPRECATED_OBJC_IMPLEMENTATIONS = YES;
				CLANG_WARN_DIRECT_OBJC_ISA_USAGE = YES_ERROR;
				CLANG_WARN_DOCUMENTATION_COMMENTS = YES;
				CLANG_WARN_EMPTY_BODY = YES;
				CLANG_WARN_ENUM_CONVERSION = YES;
				CLANG_WARN_INFINITE_RECURSION = YES;
				CLANG_WARN_INT_CONVERSION = YES;
				CLANG_WARN_NON_LITERAL_NULL_CONVERSION = YES;
				CLANG_WARN_OBJC_IMPLICIT_RETAIN_SELF = YES;
				CLANG_WARN_OBJC_LITERAL_CONVERSION = YES;
				CLANG_WARN_OBJC_ROOT_CLASS = YES_ERROR;
				CLANG_WARN_RANGE_LOOP_ANALYSIS = YES;
				CLANG_WARN_STRICT_PROTOTYPES = YES;
				CLANG_WARN_SUSPICIOUS_MOVE = YES;
				CLANG_WARN_UNGUARDED_AVAILABILITY = YES_AGGRESSIVE;
				CLANG_WARN_UNREACHABLE_CODE = YES;
				CLANG_WARN__DUPLICATE_METHOD_MATCH = YES;
				CODE_SIGN_IDENTITY = "iPhone Developer";
				COPY_PHASE_STRIP = NO;
				DEBUG_INFORMATION_FORMAT = dwarf;
				ENABLE_STRICT_OBJC_MSGSEND = YES;
				ENABLE_TESTABILITY = YES;
				GCC_C_LANGUAGE_STANDARD = gnu11;
				GCC_DYNAMIC_NO_PIC = NO;
				GCC_NO_COMMON_BLOCKS = YES;
				GCC_OPTIMIZATION_LEVEL = 0;
				GCC_PREPROCESSOR_DEFINITIONS = (
					"DEBUG=1",
					"$(inherited)",
				);
				GCC_WARN_64_TO_32_BIT_CONVERSION = YES;
				GCC_WARN_ABOUT_RETURN_TYPE = YES_ERROR;
				GCC_WARN_UNDECLARED_SELECTOR = YES;
				GCC_WARN_UNINITIALIZED_AUTOS = YES_AGGRESSIVE;
				GCC_WARN_UNUSED_FUNCTION = YES;
				GCC_WARN_UNUSED_VARIABLE = YES;
				IPHONEOS_DEPLOYMENT_TARGET = 12.1;
				MTL_ENABLE_DEBUG_INFO = INCLUDE_SOURCE;
				MTL_FAST_MATH = YES;
				ONLY_ACTIVE_ARCH = YES;
				SDKROOT = iphoneos;
				SWIFT_ACTIVE_COMPILATION_CONDITIONS = DEBUG;
				SWIFT_OPTIMIZATION_LEVEL = "-Onone";
			};
			name = Debug;
		};
		D1577B2721A73D80007D70CF /* Release */ = {
			isa = XCBuildConfiguration;
			buildSettings = {
				ALWAYS_SEARCH_USER_PATHS = NO;
				CLANG_ANALYZER_NONNULL = YES;
				CLANG_ANALYZER_NUMBER_OBJECT_CONVERSION = YES_AGGRESSIVE;
				CLANG_CXX_LANGUAGE_STANDARD = "gnu++14";
				CLANG_CXX_LIBRARY = "libc++";
				CLANG_ENABLE_MODULES = YES;
				CLANG_ENABLE_OBJC_ARC = YES;
				CLANG_ENABLE_OBJC_WEAK = YES;
				CLANG_WARN_BLOCK_CAPTURE_AUTORELEASING = YES;
				CLANG_WARN_BOOL_CONVERSION = YES;
				CLANG_WARN_COMMA = YES;
				CLANG_WARN_CONSTANT_CONVERSION = YES;
				CLANG_WARN_DEPRECATED_OBJC_IMPLEMENTATIONS = YES;
				CLANG_WARN_DIRECT_OBJC_ISA_USAGE = YES_ERROR;
				CLANG_WARN_DOCUMENTATION_COMMENTS = YES;
				CLANG_WARN_EMPTY_BODY = YES;
				CLANG_WARN_ENUM_CONVERSION = YES;
				CLANG_WARN_INFINITE_RECURSION = YES;
				CLANG_WARN_INT_CONVERSION = YES;
				CLANG_WARN_NON_LITERAL_NULL_CONVERSION = YES;
				CLANG_WARN_OBJC_IMPLICIT_RETAIN_SELF = YES;
				CLANG_WARN_OBJC_LITERAL_CONVERSION = YES;
				CLANG_WARN_OBJC_ROOT_CLASS = YES_ERROR;
				CLANG_WARN_RANGE_LOOP_ANALYSIS = YES;
				CLANG_WARN_STRICT_PROTOTYPES = YES;
				CLANG_WARN_SUSPICIOUS_MOVE = YES;
				CLANG_WARN_UNGUARDED_AVAILABILITY = YES_AGGRESSIVE;
				CLANG_WARN_UNREACHABLE_CODE = YES;
				CLANG_WARN__DUPLICATE_METHOD_MATCH = YES;
				CODE_SIGN_IDENTITY = "iPhone Developer";
				COPY_PHASE_STRIP = NO;
				DEBUG_INFORMATION_FORMAT = "dwarf-with-dsym";
				ENABLE_NS_ASSERTIONS = NO;
				ENABLE_STRICT_OBJC_MSGSEND = YES;
				GCC_C_LANGUAGE_STANDARD = gnu11;
				GCC_NO_COMMON_BLOCKS = YES;
				GCC_WARN_64_TO_32_BIT_CONVERSION = YES;
				GCC_WARN_ABOUT_RETURN_TYPE = YES_ERROR;
				GCC_WARN_UNDECLARED_SELECTOR = YES;
				GCC_WARN_UNINITIALIZED_AUTOS = YES_AGGRESSIVE;
				GCC_WARN_UNUSED_FUNCTION = YES;
				GCC_WARN_UNUSED_VARIABLE = YES;
				IPHONEOS_DEPLOYMENT_TARGET = 12.1;
				MTL_ENABLE_DEBUG_INFO = NO;
				MTL_FAST_MATH = YES;
				SDKROOT = iphoneos;
				SWIFT_COMPILATION_MODE = wholemodule;
				SWIFT_OPTIMIZATION_LEVEL = "-O";
				VALIDATE_PRODUCT = YES;
			};
			name = Release;
		};
		D1577B2921A73D80007D70CF /* Debug */ = {
			isa = XCBuildConfiguration;
			buildSettings = {
				ASSETCATALOG_COMPILER_APPICON_NAME = AppIcon;
				CODE_SIGN_STYLE = Automatic;
				INFOPLIST_FILE = "config screen/Info.plist";
				LD_RUNPATH_SEARCH_PATHS = (
					"$(inherited)",
					"@executable_path/Frameworks",
				);
				PRODUCT_BUNDLE_IDENTIFIER = "br.com.foundation.roberto.config-screen";
				PRODUCT_NAME = "$(TARGET_NAME)";
				SWIFT_VERSION = 4.2;
				TARGETED_DEVICE_FAMILY = "1,2";
			};
			name = Debug;
		};
		D1577B2A21A73D80007D70CF /* Release */ = {
			isa = XCBuildConfiguration;
			buildSettings = {
				ASSETCATALOG_COMPILER_APPICON_NAME = AppIcon;
				CODE_SIGN_STYLE = Automatic;
				INFOPLIST_FILE = "config screen/Info.plist";
				LD_RUNPATH_SEARCH_PATHS = (
					"$(inherited)",
					"@executable_path/Frameworks",
				);
				PRODUCT_BUNDLE_IDENTIFIER = "br.com.foundation.roberto.config-screen";
				PRODUCT_NAME = "$(TARGET_NAME)";
				SWIFT_VERSION = 4.2;
				TARGETED_DEVICE_FAMILY = "1,2";
			};
			name = Release;
		};
/* End XCBuildConfiguration section */

/* Begin XCConfigurationList section */
		D1577B1121A73D7F007D70CF /* Build configuration list for PBXProject "config screen" */ = {
			isa = XCConfigurationList;
			buildConfigurations = (
				D1577B2621A73D80007D70CF /* Debug */,
				D1577B2721A73D80007D70CF /* Release */,
			);
			defaultConfigurationIsVisible = 0;
			defaultConfigurationName = Release;
		};
		D1577B2821A73D80007D70CF /* Build configuration list for PBXNativeTarget "config screen" */ = {
			isa = XCConfigurationList;
			buildConfigurations = (
				D1577B2921A73D80007D70CF /* Debug */,
				D1577B2A21A73D80007D70CF /* Release */,
			);
			defaultConfigurationIsVisible = 0;
			defaultConfigurationName = Release;
		};
/* End XCConfigurationList section */
	};
	rootObject = D1577B0E21A73D7F007D70CF /* Project object */;
}
